<?xml version="1.0" encoding="utf-8"?>
<Project ToolsVersion="4.0" xmlns="http://schemas.microsoft.com/developer/msbuild/2003">
  <ItemGroup>
    <Filter Include="Trickster">
      <UniqueIdentifier>{0055A5E1-6CBF-5958-B5FD-0AFE21A737AD}</UniqueIdentifier>
    </Filter>
  </ItemGroup>
  <ItemGroup>
    <ClInclude Include="src\Trickster.h" />
    <ClInclude Include="src\Trickster\Application.h">
      <Filter>Trickster</Filter>
    </ClInclude>
    <ClInclude Include="src\Trickster\Core.h">
      <Filter>Trickster</Filter>
    </ClInclude>
    <ClInclude Include="src\Trickster\EntryPoint.h">
      <Filter>Trickster</Filter>
    </ClInclude>
    <ClInclude Include="src\Trickster\Log.h">
      <Filter>Trickster</Filter>
    </ClInclude>
  </ItemGroup>
  <ItemGroup>
    <ClCompile Include="src\Trickster\Application.cpp">
      <Filter>Trickster</Filter>
    </ClCompile>
    <ClCompile Include="src\Trickster\Log.cpp">
      <Filter>Trickster</Filter>
    </ClCompile>
  </ItemGroup>
</Project>